// !$*UTF8*$!
{
	archiveVersion = 1;
	classes = {
	};
	objectVersion = 50;
	objects = {

/* Begin PBXBuildFile section */
		4EC9FE9D26D5485000D51140 /* AppDelegate.m in Sources */ = {isa = PBXBuildFile; fileRef = 4EC9FE9C26D5485000D51140 /* AppDelegate.m */; };
		4EC9FEA026D5485000D51140 /* SceneDelegate.m in Sources */ = {isa = PBXBuildFile; fileRef = 4EC9FE9F26D5485000D51140 /* SceneDelegate.m */; };
		4EC9FEA326D5485000D51140 /* ViewController.m in Sources */ = {isa = PBXBuildFile; fileRef = 4EC9FEA226D5485000D51140 /* ViewController.m */; };
		4EC9FEA626D5485000D51140 /* Main.storyboard in Resources */ = {isa = PBXBuildFile; fileRef = 4EC9FEA426D5485000D51140 /* Main.storyboard */; };
		4EC9FEA826D5485100D51140 /* Assets.xcassets in Resources */ = {isa = PBXBuildFile; fileRef = 4EC9FEA726D5485100D51140 /* Assets.xcassets */; };
		4EC9FEAB26D5485100D51140 /* LaunchScreen.storyboard in Resources */ = {isa = PBXBuildFile; fileRef = 4EC9FEA926D5485100D51140 /* LaunchScreen.storyboard */; };
		4EC9FEAE26D5485100D51140 /* main.m in Sources */ = {isa = PBXBuildFile; fileRef = 4EC9FEAD26D5485100D51140 /* main.m */; };
		4EE22965270EA53D00028A8C /* TuningViewController.swift in Sources */ = {isa = PBXBuildFile; fileRef = 4EE22964270EA53D00028A8C /* TuningViewController.swift */; };
		4EE229672719C30D00028A8C /* ModelViewController.swift in Sources */ = {isa = PBXBuildFile; fileRef = 4EE229662719C30C00028A8C /* ModelViewController.swift */; };
		4EF7A26E270C9FB900E08966 /* BSAViewController.swift in Sources */ = {isa = PBXBuildFile; fileRef = 4EF7A26D270C9FB900E08966 /* BSAViewController.swift */; };
		4EFAC93E26FD3718003BFFF4 /* TypeViewController.swift in Sources */ = {isa = PBXBuildFile; fileRef = 4EFAC93D26FD3718003BFFF4 /* TypeViewController.swift */; };
/* End PBXBuildFile section */

/* Begin PBXFileReference section */
		4EC9FE9826D5485000D51140 /* Single Ventricle Circulation 2.0.app */ = {isa = PBXFileReference; explicitFileType = wrapper.application; includeInIndex = 0; path = "Single Ventricle Circulation 2.0.app"; sourceTree = BUILT_PRODUCTS_DIR; };
		4EC9FE9B26D5485000D51140 /* AppDelegate.h */ = {isa = PBXFileReference; lastKnownFileType = sourcecode.c.h; path = AppDelegate.h; sourceTree = "<group>"; };
		4EC9FE9C26D5485000D51140 /* AppDelegate.m */ = {isa = PBXFileReference; lastKnownFileType = sourcecode.c.objc; path = AppDelegate.m; sourceTree = "<group>"; };
		4EC9FE9E26D5485000D51140 /* SceneDelegate.h */ = {isa = PBXFileReference; lastKnownFileType = sourcecode.c.h; path = SceneDelegate.h; sourceTree = "<group>"; };
		4EC9FE9F26D5485000D51140 /* SceneDelegate.m */ = {isa = PBXFileReference; lastKnownFileType = sourcecode.c.objc; path = SceneDelegate.m; sourceTree = "<group>"; };
		4EC9FEA126D5485000D51140 /* ViewController.h */ = {isa = PBXFileReference; lastKnownFileType = sourcecode.c.h; path = ViewController.h; sourceTree = "<group>"; };
		4EC9FEA226D5485000D51140 /* ViewController.m */ = {isa = PBXFileReference; lastKnownFileType = sourcecode.c.objc; path = ViewController.m; sourceTree = "<group>"; };
		4EC9FEA526D5485000D51140 /* Base */ = {isa = PBXFileReference; lastKnownFileType = file.storyboard; name = Base; path = Base.lproj/Main.storyboard; sourceTree = "<group>"; };
		4EC9FEA726D5485100D51140 /* Assets.xcassets */ = {isa = PBXFileReference; lastKnownFileType = folder.assetcatalog; path = Assets.xcassets; sourceTree = "<group>"; };
		4EC9FEAA26D5485100D51140 /* Base */ = {isa = PBXFileReference; lastKnownFileType = file.storyboard; name = Base; path = Base.lproj/LaunchScreen.storyboard; sourceTree = "<group>"; };
		4EC9FEAC26D5485100D51140 /* Info.plist */ = {isa = PBXFileReference; lastKnownFileType = text.plist.xml; path = Info.plist; sourceTree = "<group>"; };
		4EC9FEAD26D5485100D51140 /* main.m */ = {isa = PBXFileReference; lastKnownFileType = sourcecode.c.objc; path = main.m; sourceTree = "<group>"; };
		4EE22964270EA53D00028A8C /* TuningViewController.swift */ = {isa = PBXFileReference; lastKnownFileType = sourcecode.swift; path = TuningViewController.swift; sourceTree = "<group>"; };
		4EE229662719C30C00028A8C /* ModelViewController.swift */ = {isa = PBXFileReference; lastKnownFileType = sourcecode.swift; path = ModelViewController.swift; sourceTree = "<group>"; };
		4EF7A26D270C9FB900E08966 /* BSAViewController.swift */ = {isa = PBXFileReference; lastKnownFileType = sourcecode.swift; path = BSAViewController.swift; sourceTree = "<group>"; };
		4EFAC93A26FD364D003BFFF4 /* Single Ventricle Circulation 2.0-Bridging-Header.h */ = {isa = PBXFileReference; lastKnownFileType = sourcecode.c.h; path = "Single Ventricle Circulation 2.0-Bridging-Header.h"; sourceTree = "<group>"; };
		4EFAC93D26FD3718003BFFF4 /* TypeViewController.swift */ = {isa = PBXFileReference; lastKnownFileType = sourcecode.swift; path = TypeViewController.swift; sourceTree = "<group>"; };
/* End PBXFileReference section */

/* Begin PBXFrameworksBuildPhase section */
		4EC9FE9526D5485000D51140 /* Frameworks */ = {
			isa = PBXFrameworksBuildPhase;
			buildActionMask = 2147483647;
			files = (
			);
			runOnlyForDeploymentPostprocessing = 0;
		};
/* End PBXFrameworksBuildPhase section */

/* Begin PBXGroup section */
		4EC9FE8F26D5485000D51140 = {
			isa = PBXGroup;
			children = (
				4EC9FE9A26D5485000D51140 /* Single Ventricle Circulation 2.0 */,
				4EC9FE9926D5485000D51140 /* Products */,
			);
			sourceTree = "<group>";
		};
		4EC9FE9926D5485000D51140 /* Products */ = {
			isa = PBXGroup;
			children = (
				4EC9FE9826D5485000D51140 /* Single Ventricle Circulation 2.0.app */,
			);
			name = Products;
			sourceTree = "<group>";
		};
		4EC9FE9A26D5485000D51140 /* Single Ventricle Circulation 2.0 */ = {
			isa = PBXGroup;
			children = (
				4EC9FE9B26D5485000D51140 /* AppDelegate.h */,
				4EC9FE9C26D5485000D51140 /* AppDelegate.m */,
				4EC9FE9E26D5485000D51140 /* SceneDelegate.h */,
				4EC9FE9F26D5485000D51140 /* SceneDelegate.m */,
				4EC9FEA126D5485000D51140 /* ViewController.h */,
				4EC9FEA226D5485000D51140 /* ViewController.m */,
				4EFAC93D26FD3718003BFFF4 /* TypeViewController.swift */,
				4EF7A26D270C9FB900E08966 /* BSAViewController.swift */,
				4EE22964270EA53D00028A8C /* TuningViewController.swift */,
				4EE229662719C30C00028A8C /* ModelViewController.swift */,
				4EC9FEA426D5485000D51140 /* Main.storyboard */,
				4EC9FEA726D5485100D51140 /* Assets.xcassets */,
				4EC9FEA926D5485100D51140 /* LaunchScreen.storyboard */,
				4EC9FEAC26D5485100D51140 /* Info.plist */,
				4EC9FEAD26D5485100D51140 /* main.m */,
				4EFAC93A26FD364D003BFFF4 /* Single Ventricle Circulation 2.0-Bridging-Header.h */,
			);
			path = "Single Ventricle Circulation 2.0";
			sourceTree = "<group>";
		};
/* End PBXGroup section */

/* Begin PBXNativeTarget section */
		4EC9FE9726D5485000D51140 /* Single Ventricle Circulation 2.0 */ = {
			isa = PBXNativeTarget;
			buildConfigurationList = 4EC9FEB126D5485100D51140 /* Build configuration list for PBXNativeTarget "Single Ventricle Circulation 2.0" */;
			buildPhases = (
				4EC9FE9426D5485000D51140 /* Sources */,
				4EC9FE9526D5485000D51140 /* Frameworks */,
				4EC9FE9626D5485000D51140 /* Resources */,
			);
			buildRules = (
			);
			dependencies = (
			);
			name = "Single Ventricle Circulation 2.0";
			productName = "Single Ventricle Circulation 2.0";
			productReference = 4EC9FE9826D5485000D51140 /* Single Ventricle Circulation 2.0.app */;
			productType = "com.apple.product-type.application";
		};
/* End PBXNativeTarget section */

/* Begin PBXProject section */
		4EC9FE9026D5485000D51140 /* Project object */ = {
			isa = PBXProject;
			attributes = {
				LastUpgradeCheck = 1250;
				TargetAttributes = {
					4EC9FE9726D5485000D51140 = {
						CreatedOnToolsVersion = 12.5.1;
						LastSwiftMigration = 1250;
					};
				};
			};
			buildConfigurationList = 4EC9FE9326D5485000D51140 /* Build configuration list for PBXProject "Single Ventricle Circulation 2.0" */;
			compatibilityVersion = "Xcode 9.3";
			developmentRegion = en;
			hasScannedForEncodings = 0;
			knownRegions = (
				en,
				Base,
			);
			mainGroup = 4EC9FE8F26D5485000D51140;
			productRefGroup = 4EC9FE9926D5485000D51140 /* Products */;
			projectDirPath = "";
			projectRoot = "";
			targets = (
				4EC9FE9726D5485000D51140 /* Single Ventricle Circulation 2.0 */,
			);
		};
/* End PBXProject section */

/* Begin PBXResourcesBuildPhase section */
		4EC9FE9626D5485000D51140 /* Resources */ = {
			isa = PBXResourcesBuildPhase;
			buildActionMask = 2147483647;
			files = (
				4EC9FEAB26D5485100D51140 /* LaunchScreen.storyboard in Resources */,
				4EC9FEA826D5485100D51140 /* Assets.xcassets in Resources */,
				4EC9FEA626D5485000D51140 /* Main.storyboard in Resources */,
			);
			runOnlyForDeploymentPostprocessing = 0;
		};
/* End PBXResourcesBuildPhase section */

/* Begin PBXSourcesBuildPhase section */
		4EC9FE9426D5485000D51140 /* Sources */ = {
			isa = PBXSourcesBuildPhase;
			buildActionMask = 2147483647;
			files = (
				4EC9FEA326D5485000D51140 /* ViewController.m in Sources */,
				4EE22965270EA53D00028A8C /* TuningViewController.swift in Sources */,
				4EF7A26E270C9FB900E08966 /* BSAViewController.swift in Sources */,
				4EC9FE9D26D5485000D51140 /* AppDelegate.m in Sources */,
				4EE229672719C30D00028A8C /* ModelViewController.swift in Sources */,
				4EC9FEAE26D5485100D51140 /* main.m in Sources */,
				4EC9FEA026D5485000D51140 /* SceneDelegate.m in Sources */,
				4EFAC93E26FD3718003BFFF4 /* TypeViewController.swift in Sources */,
			);
			runOnlyForDeploymentPostprocessing = 0;
		};
/* End PBXSourcesBuildPhase section */

/* Begin PBXVariantGroup section */
		4EC9FEA426D5485000D51140 /* Main.storyboard */ = {
			isa = PBXVariantGroup;
			children = (
				4EC9FEA526D5485000D51140 /* Base */,
			);
			name = Main.storyboard;
			sourceTree = "<group>";
		};
		4EC9FEA926D5485100D51140 /* LaunchScreen.storyboard */ = {
			isa = PBXVariantGroup;
			children = (
				4EC9FEAA26D5485100D51140 /* Base */,
			);
			name = LaunchScreen.storyboard;
			sourceTree = "<group>";
		};
/* End PBXVariantGroup section */

/* Begin XCBuildConfiguration section */
		4EC9FEAF26D5485100D51140 /* Debug */ = {
			isa = XCBuildConfiguration;
			buildSettings = {
				ALWAYS_SEARCH_USER_PATHS = NO;
				CLANG_ANALYZER_NONNULL = YES;
				CLANG_ANALYZER_NUMBER_OBJECT_CONVERSION = YES_AGGRESSIVE;
				CLANG_CXX_LANGUAGE_STANDARD = "gnu++14";
				CLANG_CXX_LIBRARY = "libc++";
				CLANG_ENABLE_MODULES = YES;
				CLANG_ENABLE_OBJC_ARC = YES;
				CLANG_ENABLE_OBJC_WEAK = YES;
				CLANG_WARN_BLOCK_CAPTURE_AUTORELEASING = YES;
				CLANG_WARN_BOOL_CONVERSION = YES;
				CLANG_WARN_COMMA = YES;
				CLANG_WARN_CONSTANT_CONVERSION = YES;
				CLANG_WARN_DEPRECATED_OBJC_IMPLEMENTATIONS = YES;
				CLANG_WARN_DIRECT_OBJC_ISA_USAGE = YES_ERROR;
				CLANG_WARN_DOCUMENTATION_COMMENTS = YES;
				CLANG_WARN_EMPTY_BODY = YES;
				CLANG_WARN_ENUM_CONVERSION = YES;
				CLANG_WARN_INFINITE_RECURSION = YES;
				CLANG_WARN_INT_CONVERSION = YES;
				CLANG_WARN_NON_LITERAL_NULL_CONVERSION = YES;
				CLANG_WARN_OBJC_IMPLICIT_RETAIN_SELF = YES;
				CLANG_WARN_OBJC_LITERAL_CONVERSION = YES;
				CLANG_WARN_OBJC_ROOT_CLASS = YES_ERROR;
				CLANG_WARN_QUOTED_INCLUDE_IN_FRAMEWORK_HEADER = YES;
				CLANG_WARN_RANGE_LOOP_ANALYSIS = YES;
				CLANG_WARN_STRICT_PROTOTYPES = YES;
				CLANG_WARN_SUSPICIOUS_MOVE = YES;
				CLANG_WARN_UNGUARDED_AVAILABILITY = YES_AGGRESSIVE;
				CLANG_WARN_UNREACHABLE_CODE = YES;
				CLANG_WARN__DUPLICATE_METHOD_MATCH = YES;
				COPY_PHASE_STRIP = NO;
				DEBUG_INFORMATION_FORMAT = dwarf;
				ENABLE_STRICT_OBJC_MSGSEND = YES;
				ENABLE_TESTABILITY = YES;
				GCC_C_LANGUAGE_STANDARD = gnu11;
				GCC_DYNAMIC_NO_PIC = NO;
				GCC_NO_COMMON_BLOCKS = YES;
				GCC_OPTIMIZATION_LEVEL = 0;
				GCC_PREPROCESSOR_DEFINITIONS = (
					"DEBUG=1",
					"$(inherited)",
				);
				GCC_WARN_64_TO_32_BIT_CONVERSION = YES;
				GCC_WARN_ABOUT_RETURN_TYPE = YES_ERROR;
				GCC_WARN_UNDECLARED_SELECTOR = YES;
				GCC_WARN_UNINITIALIZED_AUTOS = YES_AGGRESSIVE;
				GCC_WARN_UNUSED_FUNCTION = YES;
				GCC_WARN_UNUSED_VARIABLE = YES;
				IPHONEOS_DEPLOYMENT_TARGET = 14.5;
				MTL_ENABLE_DEBUG_INFO = INCLUDE_SOURCE;
				MTL_FAST_MATH = YES;
				ONLY_ACTIVE_ARCH = YES;
				SDKROOT = iphoneos;
			};
			name = Debug;
		};
		4EC9FEB026D5485100D51140 /* Release */ = {
			isa = XCBuildConfiguration;
			buildSettings = {
				ALWAYS_SEARCH_USER_PATHS = NO;
				CLANG_ANALYZER_NONNULL = YES;
				CLANG_ANALYZER_NUMBER_OBJECT_CONVERSION = YES_AGGRESSIVE;
				CLANG_CXX_LANGUAGE_STANDARD = "gnu++14";
				CLANG_CXX_LIBRARY = "libc++";
				CLANG_ENABLE_MODULES = YES;
				CLANG_ENABLE_OBJC_ARC = YES;
				CLANG_ENABLE_OBJC_WEAK = YES;
				CLANG_WARN_BLOCK_CAPTURE_AUTORELEASING = YES;
				CLANG_WARN_BOOL_CONVERSION = YES;
				CLANG_WARN_COMMA = YES;
				CLANG_WARN_CONSTANT_CONVERSION = YES;
				CLANG_WARN_DEPRECATED_OBJC_IMPLEMENTATIONS = YES;
				CLANG_WARN_DIRECT_OBJC_ISA_USAGE = YES_ERROR;
				CLANG_WARN_DOCUMENTATION_COMMENTS = YES;
				CLANG_WARN_EMPTY_BODY = YES;
				CLANG_WARN_ENUM_CONVERSION = YES;
				CLANG_WARN_INFINITE_RECURSION = YES;
				CLANG_WARN_INT_CONVERSION = YES;
				CLANG_WARN_NON_LITERAL_NULL_CONVERSION = YES;
				CLANG_WARN_OBJC_IMPLICIT_RETAIN_SELF = YES;
				CLANG_WARN_OBJC_LITERAL_CONVERSION = YES;
				CLANG_WARN_OBJC_ROOT_CLASS = YES_ERROR;
				CLANG_WARN_QUOTED_INCLUDE_IN_FRAMEWORK_HEADER = YES;
				CLANG_WARN_RANGE_LOOP_ANALYSIS = YES;
				CLANG_WARN_STRICT_PROTOTYPES = YES;
				CLANG_WARN_SUSPICIOUS_MOVE = YES;
				CLANG_WARN_UNGUARDED_AVAILABILITY = YES_AGGRESSIVE;
				CLANG_WARN_UNREACHABLE_CODE = YES;
				CLANG_WARN__DUPLICATE_METHOD_MATCH = YES;
				COPY_PHASE_STRIP = NO;
				DEBUG_INFORMATION_FORMAT = "dwarf-with-dsym";
				ENABLE_NS_ASSERTIONS = NO;
				ENABLE_STRICT_OBJC_MSGSEND = YES;
				GCC_C_LANGUAGE_STANDARD = gnu11;
				GCC_NO_COMMON_BLOCKS = YES;
				GCC_WARN_64_TO_32_BIT_CONVERSION = YES;
				GCC_WARN_ABOUT_RETURN_TYPE = YES_ERROR;
				GCC_WARN_UNDECLARED_SELECTOR = YES;
				GCC_WARN_UNINITIALIZED_AUTOS = YES_AGGRESSIVE;
				GCC_WARN_UNUSED_FUNCTION = YES;
				GCC_WARN_UNUSED_VARIABLE = YES;
				IPHONEOS_DEPLOYMENT_TARGET = 14.5;
				MTL_ENABLE_DEBUG_INFO = NO;
				MTL_FAST_MATH = YES;
				SDKROOT = iphoneos;
				VALIDATE_PRODUCT = YES;
			};
			name = Release;
		};
		4EC9FEB226D5485100D51140 /* Debug */ = {
			isa = XCBuildConfiguration;
			buildSettings = {
				ASSETCATALOG_COMPILER_APPICON_NAME = AppIcon;
				ASSETCATALOG_COMPILER_GLOBAL_ACCENT_COLOR_NAME = AccentColor;
				CLANG_ENABLE_MODULES = YES;
				CODE_SIGN_STYLE = Automatic;
				DEVELOPMENT_TEAM = Q8VZAQ777P;
				INFOPLIST_FILE = "Single Ventricle Circulation 2.0/Info.plist";
				LD_RUNPATH_SEARCH_PATHS = (
					"$(inherited)",
					"@executable_path/Frameworks",
				);
				PRODUCT_BUNDLE_IDENTIFIER = "clemson.Single-Ventricle-Circulation-2-0";
				PRODUCT_NAME = "$(TARGET_NAME)";
				SWIFT_OBJC_BRIDGING_HEADER = "Single Ventricle Circulation 2.0/Single Ventricle Circulation 2.0-Bridging-Header.h";
				SWIFT_OPTIMIZATION_LEVEL = "-Onone";
				SWIFT_VERSION = 5.0;
				TARGETED_DEVICE_FAMILY = "1,2";
			};
			name = Debug;
		};
		4EC9FEB326D5485100D51140 /* Release */ = {
			isa = XCBuildConfiguration;
			buildSettings = {
				ASSETCATALOG_COMPILER_APPICON_NAME = AppIcon;
				ASSETCATALOG_COMPILER_GLOBAL_ACCENT_COLOR_NAME = AccentColor;
				CLANG_ENABLE_MODULES = YES;
				CODE_SIGN_STYLE = Automatic;
				DEVELOPMENT_TEAM = Q8VZAQ777P;
				INFOPLIST_FILE = "Single Ventricle Circulation 2.0/Info.plist";
				LD_RUNPATH_SEARCH_PATHS = (
					"$(inherited)",
					"@executable_path/Frameworks",
				);
				PRODUCT_BUNDLE_IDENTIFIER = "clemson.Single-Ventricle-Circulation-2-0";
				PRODUCT_NAME = "$(TARGET_NAME)";
				SWIFT_OBJC_BRIDGING_HEADER = "Single Ventricle Circulation 2.0/Single Ventricle Circulation 2.0-Bridging-Header.h";
				SWIFT_VERSION = 5.0;
				TARGETED_DEVICE_FAMILY = "1,2";
			};
			name = Release;
		};
/* End XCBuildConfiguration section */

/* Begin XCConfigurationList section */
		4EC9FE9326D5485000D51140 /* Build configuration list for PBXProject "Single Ventricle Circulation 2.0" */ = {
			isa = XCConfigurationList;
			buildConfigurations = (
				4EC9FEAF26D5485100D51140 /* Debug */,
				4EC9FEB026D5485100D51140 /* Release */,
			);
			defaultConfigurationIsVisible = 0;
			defaultConfigurationName = Release;
		};
		4EC9FEB126D5485100D51140 /* Build configuration list for PBXNativeTarget "Single Ventricle Circulation 2.0" */ = {
			isa = XCConfigurationList;
			buildConfigurations = (
				4EC9FEB226D5485100D51140 /* Debug */,
				4EC9FEB326D5485100D51140 /* Release */,
			);
			defaultConfigurationIsVisible = 0;
			defaultConfigurationName = Release;
		};
/* End XCConfigurationList section */
	};
	rootObject = 4EC9FE9026D5485000D51140 /* Project object */;
}
